
Microsoft Visual Studio Solution File, Format Version 12.00
# Visual Studio 15
VisualStudioVersion = 15.0.27703.2042
MinimumVisualStudioVersion = 10.0.40219.1
Project("{FAE04EC0-301F-11D3-BF4B-00C04F79EFBC}") = "SQLDisplayGrid", "SQLDisplayGrid\SQLDisplayGrid.csproj", "{B2E70C43-6E4A-4B5B-ADD7-5E0716E8F77D}"
EndProject
Global
	GlobalSection(SolutionConfigurationPlatforms) = preSolution
		Debug|Any CPU = Debug|Any CPU
		Release|Any CPU = Release|Any CPU
	EndGlobalSection
	GlobalSection(ProjectConfigurationPlatforms) = postSolution
		{B2E70C43-6E4A-4B5B-ADD7-5E0716E8F77D}.Debug|Any CPU.ActiveCfg = Debug|Any CPU
		{B2E70C43-6E4A-4B5B-ADD7-5E0716E8F77D}.Debug|Any CPU.Build.0 = Debug|Any CPU
		{B2E70C43-6E4A-4B5B-ADD7-5E0716E8F77D}.Release|Any CPU.ActiveCfg = Release|Any CPU
		{B2E70C43-6E4A-4B5B-ADD7-5E0716E8F77D}.Release|Any CPU.Build.0 = Release|Any CPU
	EndGlobalSection
	GlobalSection(SolutionProperties) = preSolution
		HideSolutionNode = FALSE
	EndGlobalSection
	GlobalSection(ExtensibilityGlobals) = postSolution
		SolutionGuid = {C7AC31CD-3455-4312-9F48-42931FFE8DE9}
	EndGlobalSection
EndGlobal
